
Microsoft Visual Studio Solution File, Format Version 12.00
# Visual Studio Version 16
VisualStudioVersion = 16.0.31321.278
MinimumVisualStudioVersion = 10.0.40219.1
Project("{FAE04EC0-301F-11D3-BF4B-00C04F79EFBC}") = "DWS-Projekat", "DWS-Projekat\DWS-Projekat.csproj", "{F52FC4E4-DC26-45AC-A296-FD9BE25F741F}"
EndProject
Global
	GlobalSection(SolutionConfigurationPlatforms) = preSolution
		Debug|Any CPU = Debug|Any CPU
		Release|Any CPU = Release|Any CPU
	EndGlobalSection
	GlobalSection(ProjectConfigurationPlatforms) = postSolution
		{F52FC4E4-DC26-45AC-A296-FD9BE25F741F}.Debug|Any CPU.ActiveCfg = Debug|Any CPU
		{F52FC4E4-DC26-45AC-A296-FD9BE25F741F}.Debug|Any CPU.Build.0 = Debug|Any CPU
		{F52FC4E4-DC26-45AC-A296-FD9BE25F741F}.Release|Any CPU.ActiveCfg = Release|Any CPU
		{F52FC4E4-DC26-45AC-A296-FD9BE25F741F}.Release|Any CPU.Build.0 = Release|Any CPU
	EndGlobalSection
	GlobalSection(SolutionProperties) = preSolution
		HideSolutionNode = FALSE
	EndGlobalSection
	GlobalSection(ExtensibilityGlobals) = postSolution
		SolutionGuid = {F086F4D1-E6EA-48AC-918A-89D8C11BF73D}
	EndGlobalSection
EndGlobal
